{
	"name": "wp-user-profiles",
	"version": "2.7.2",
	"lockfileVersion": 3,
	"requires": true,
	"packages": {
		"": {
			"name": "wp-user-profiles",
			"version": "2.7.2",
			"license": "GPL-2.0-or-later",
			"devDependencies": {
				"lightningcss-cli": "1.33.0",
				"rtlcss": "4.3.0"
			},
			"engines": {
				"node": ">=18.0.0",
				"npm": ">=9.0.0"
			}
		},
		"node_modules/detect-libc": {
			"version": "2.1.2",
			"resolved": "https://registry.npmjs.org/detect-libc/-/detect-libc-2.1.2.tgz",
			"integrity": "sha512-Btj2BOOO83o3WyH59e8MgXsxEQVcarkUOpEYrubB0urwnN10yQ364rsiByU11nZlqWYZm05i/of7io4mzihBtQ==",
			"dev": true,
			"license": "Apache-2.0",
			"engines": {
				"node": ">=8"
			}
		},
		"node_modules/escalade": {
			"version": "3.2.0",
			"resolved": "https://registry.npmjs.org/escalade/-/escalade-3.2.0.tgz",
			"integrity": "sha512-WUj2qlxaQtO4g6Pq5c29GTcWGDyd8itL8zTlipgECz3JesAiiOKotd8JU6otB3PACgG6xkJUyVhboMS+bje/jA==",
			"dev": true,
			"license": "MIT",
			"engines": {
				"node": ">=6"
			}
		},
		"node_modules/lightningcss-cli": {
			"version": "1.33.0",
			"resolved": "https://registry.npmjs.org/lightningcss-cli/-/lightningcss-cli-1.33.0.tgz",
			"integrity": "sha512-/tBcBZlBFFxy1iYKDC/HSH/NEjv7Frq6dmDVKRbhGJQI/gFJIJ1/4ZXclxJkd0eEjBjDc5MY0YugHcvJVVGJVg==",
			"dev": true,
			"hasInstallScript": true,
			"license": "MPL-2.0",
			"dependencies": {
				"detect-libc": "^2.0.3"
			},
			"bin": {
				"lightningcss": "lightningcss"
			},
			"engines": {
				"node": ">= 12.0.0"
			},
			"funding": {
				"type": "opencollective",
				"url": "https://opencollective.com/parcel"
			},
			"optionalDependencies": {
				"lightningcss-cli-android-arm64": "1.33.0",
				"lightningcss-cli-darwin-arm64": "1.33.0",
				"lightningcss-cli-darwin-x64": "1.33.0",
				"lightningcss-cli-freebsd-x64": "1.33.0",
				"lightningcss-cli-linux-arm-gnueabihf": "1.33.0",
				"lightningcss-cli-linux-arm64-gnu": "1.33.0",
				"lightningcss-cli-linux-arm64-musl": "1.33.0",
				"lightningcss-cli-linux-x64-gnu": "1.33.0",
				"lightningcss-cli-linux-x64-musl": "1.33.0",
				"lightningcss-cli-win32-arm64-msvc": "1.33.0",
				"lightningcss-cli-win32-x64-msvc": "1.33.0"
			}
		},
		"node_modules/lightningcss-cli-android-arm64": {
			"version": "1.33.0",
			"resolved": "https://registry.npmjs.org/lightningcss-cli-android-arm64/-/lightningcss-cli-android-arm64-1.33.0.tgz",
			"integrity": "sha512-c0Xd7Gxaw3mNOyrb9ET1JH3JjuB69GY/6pHO4vgwEbIoHCXAt6DBg6kxr5t/oZL9LRxdnZCXF+o0Evz6kuR/xA==",
			"cpu": [
				"arm64"
			],
			"dev": true,
			"license": "MPL-2.0",
			"optional": true,
			"os": [
				"android"
			],
			"engines": {
				"node": ">= 12.0.0"
			},
			"funding": {
				"type": "opencollective",
				"url": "https://opencollective.com/parcel"
			}
		},
		"node_modules/lightningcss-cli-darwin-arm64": {
			"version": "1.33.0",
			"resolved": "https://registry.npmjs.org/lightningcss-cli-darwin-arm64/-/lightningcss-cli-darwin-arm64-1.33.0.tgz",
			"integrity": "sha512-sso5hSFPis7ldw2FcBopsZviSVAXWRGX8ybUwMhQHssTlERenQJ88WihZs08tCdSnQULo2kunnrGhh4VjRw8Fg==",
			"cpu": [
				"arm64"
			],
			"dev": true,
			"license": "MPL-2.0",
			"optional": true,
			"os": [
				"darwin"
			],
			"engines": {
				"node": ">= 12.0.0"
			},
			"funding": {
				"type": "opencollective",
				"url": "https://opencollective.com/parcel"
			}
		},
		"node_modules/lightningcss-cli-darwin-x64": {
			"version": "1.33.0",
			"resolved": "https://registry.npmjs.org/lightningcss-cli-darwin-x64/-/lightningcss-cli-darwin-x64-1.33.0.tgz",
			"integrity": "sha512-/aDYpMv2QKpJoSIwvwpIs4tIX9SCU894eospSm55FR5MxDZkJDy4fEX6elsXkHCBDqbAknb4qd2h/oDMLTC4Ew==",
			"cpu": [
				"x64"
			],
			"dev": true,
			"license": "MPL-2.0",
			"optional": true,
			"os": [
				"darwin"
			],
			"engines": {
				"node": ">= 12.0.0"
			},
			"funding": {
				"type": "opencollective",
				"url": "https://opencollective.com/parcel"
			}
		},
		"node_modules/lightningcss-cli-freebsd-x64": {
			"version": "1.33.0",
			"resolved": "https://registry.npmjs.org/lightningcss-cli-freebsd-x64/-/lightningcss-cli-freebsd-x64-1.33.0.tgz",
			"integrity": "sha512-kK9u4IEAvt3+1m7lkloyfZNfXykXq2vCH7lgZ5aEqa8VuBZYqvcAIQ4Qt1593QJxbko9HEKUP0erdSxw7k7eFw==",
			"cpu": [
				"x64"
			],
			"dev": true,
			"license": "MPL-2.0",
			"optional": true,
			"os": [
				"freebsd"
			],
			"engines": {
				"node": ">= 12.0.0"
			},
			"funding": {
				"type": "opencollective",
				"url": "https://opencollective.com/parcel"
			}
		},
		"node_modules/lightningcss-cli-linux-arm-gnueabihf": {
			"version": "1.33.0",
			"resolved": "https://registry.npmjs.org/lightningcss-cli-linux-arm-gnueabihf/-/lightningcss-cli-linux-arm-gnueabihf-1.33.0.tgz",
			"integrity": "sha512-4bHmUlYCb8WKdPKx2yhk8y/kD034JVuUatDMWav0uU/hEIYJrxPimWBJJ4w2lgpcWchVnk/Kuihs4vaLjO/ozw==",
			"cpu": [
				"arm"
			],
			"dev": true,
			"license": "MPL-2.0",
			"optional": true,
			"os": [
				"linux"
			],
			"engines": {
				"node": ">= 12.0.0"
			},
			"funding": {
				"type": "opencollective",
				"url": "https://opencollective.com/parcel"
			}
		},
		"node_modules/lightningcss-cli-linux-arm64-gnu": {
			"version": "1.33.0",
			"resolved": "https://registry.npmjs.org/lightningcss-cli-linux-arm64-gnu/-/lightningcss-cli-linux-arm64-gnu-1.33.0.tgz",
			"integrity": "sha512-DkYmkBix3icAZKZsxGsjBAj59CIV0zflZtsT66lCPd2z3OqBLJlhKRrw4TlAW7mIkYeOEYWKVz/G00ZGXNse4A==",
			"cpu": [
				"arm64"
			],
			"dev": true,
			"libc": [
				"glibc"
			],
			"license": "MPL-2.0",
			"optional": true,
			"os": [
				"linux"
			],
			"engines": {
				"node": ">= 12.0.0"
			},
			"funding": {
				"type": "opencollective",
				"url": "https://opencollective.com/parcel"
			}
		},
		"node_modules/lightningcss-cli-linux-arm64-musl": {
			"version": "1.33.0",
			"resolved": "https://registry.npmjs.org/lightningcss-cli-linux-arm64-musl/-/lightningcss-cli-linux-arm64-musl-1.33.0.tgz",
			"integrity": "sha512-euNOhzo1ysRl719HfFzRe9r9usWO2Z/Nb8RnmqXxb/kvzOgAv2BcflpoTu6tWhSrbHX6YS/WP6mMFrmII6T7Hw==",
			"cpu": [
				"arm64"
			],
			"dev": true,
			"libc": [
				"musl"
			],
			"license": "MPL-2.0",
			"optional": true,
			"os": [
				"linux"
			],
			"engines": {
				"node": ">= 12.0.0"
			},
			"funding": {
				"type": "opencollective",
				"url": "https://opencollective.com/parcel"
			}
		},
		"node_modules/lightningcss-cli-linux-x64-gnu": {
			"version": "1.33.0",
			"resolved": "https://registry.npmjs.org/lightningcss-cli-linux-x64-gnu/-/lightningcss-cli-linux-x64-gnu-1.33.0.tgz",
			"integrity": "sha512-9Q4DAglm17bLhA+HZPB+vxjrHXdhR/8U44zyc8MQNA5Rw+tisvcoR/lv4iuBUFn2qreYVRWQq0wP0rgdhTSxyQ==",
			"cpu": [
				"x64"
			],
			"dev": true,
			"libc": [
				"glibc"
			],
			"license": "MPL-2.0",
			"optional": true,
			"os": [
				"linux"
			],
			"engines": {
				"node": ">= 12.0.0"
			},
			"funding": {
				"type": "opencollective",
				"url": "https://opencollective.com/parcel"
			}
		},
		"node_modules/lightningcss-cli-linux-x64-musl": {
			"version": "1.33.0",
			"resolved": "https://registry.npmjs.org/lightningcss-cli-linux-x64-musl/-/lightningcss-cli-linux-x64-musl-1.33.0.tgz",
			"integrity": "sha512-+EobHdqxQ21SUMF8OU0qcizNIrLpPDaPTKQCaGbra9gL3NrW3ELG+exZl5y+WzJsEjLZ0hhjbCFjHUL/03H2JA==",
			"cpu": [
				"x64"
			],
			"dev": true,
			"libc": [
				"musl"
			],
			"license": "MPL-2.0",
			"optional": true,
			"os": [
				"linux"
			],
			"engines": {
				"node": ">= 12.0.0"
			},
			"funding": {
				"type": "opencollective",
				"url": "https://opencollective.com/parcel"
			}
		},
		"node_modules/lightningcss-cli-win32-arm64-msvc": {
			"version": "1.33.0",
			"resolved": "https://registry.npmjs.org/lightningcss-cli-win32-arm64-msvc/-/lightningcss-cli-win32-arm64-msvc-1.33.0.tgz",
			"integrity": "sha512-iwQ+8rHQy3ewC4c43Ik3UZ8TCC/rjShP3r/8TOPw4fT8wQmW7dS3BNNHPK+LWz9qNrObATJ4MZEEZVRneckOBw==",
			"cpu": [
				"arm64"
			],
			"dev": true,
			"license": "MPL-2.0",
			"optional": true,
			"os": [
				"win32"
			],
			"engines": {
				"node": ">= 12.0.0"
			},
			"funding": {
				"type": "opencollective",
				"url": "https://opencollective.com/parcel"
			}
		},
		"node_modules/lightningcss-cli-win32-x64-msvc": {
			"version": "1.33.0",
			"resolved": "https://registry.npmjs.org/lightningcss-cli-win32-x64-msvc/-/lightningcss-cli-win32-x64-msvc-1.33.0.tgz",
			"integrity": "sha512-sgtNPw2gxnY8OzCCMTKCkHSIiBYb/wfXLpLMmDIJFzcX2OETY+VOnQd7OBHx+hVSlrMU7iWL6oJ5rc+nQwteVA==",
			"cpu": [
				"x64"
			],
			"dev": true,
			"license": "MPL-2.0",
			"optional": true,
			"os": [
				"win32"
			],
			"engines": {
				"node": ">= 12.0.0"
			},
			"funding": {
				"type": "opencollective",
				"url": "https://opencollective.com/parcel"
			}
		},
		"node_modules/nanoid": {
			"version": "3.3.19",
			"resolved": "https://registry.npmjs.org/nanoid/-/nanoid-3.3.19.tgz",
			"integrity": "sha512-Y2tUNy4ouw6tq5oDSKeQYGOyhkUBhNOcGV/02KC+6kd9eDGqdZd++mjMiIDilrBYvjEnCYvVtsuHCuP+okSfug==",
			"dev": true,
			"funding": [
				{
					"type": "github",
					"url": "https://github.com/sponsors/ai"
				}
			],
			"license": "MIT",
			"bin": {
				"nanoid": "bin/nanoid.cjs"
			},
			"engines": {
				"node": "^10 || ^12 || ^13.7 || ^14 || >=15.0.1"
			}
		},
		"node_modules/picocolors": {
			"version": "1.1.1",
			"resolved": "https://registry.npmjs.org/picocolors/-/picocolors-1.1.1.tgz",
			"integrity": "sha512-xceH2snhtb5M9liqDsmEw56le376mTZkEX/jEb/RxNFyegNul7eNslCXP9FDj/Lcu0X8KEyMceP2ntpaHrDEVA==",
			"dev": true,
			"license": "ISC"
		},
		"node_modules/postcss": {
			"version": "8.5.28",
			"resolved": "https://registry.npmjs.org/postcss/-/postcss-8.5.28.tgz",
			"integrity": "sha512-RRuzqDtt5Y9h3quz5hWhK+TPnsmVs6WwSU6LkJMeY4HstUEDuYTG8UJSdawMRzmzAtV+KEoG8N3Qg2qLy5vM/A==",
			"dev": true,
			"funding": [
				{
					"type": "opencollective",
					"url": "https://opencollective.com/postcss/"
				},
				{
					"type": "tidelift",
					"url": "https://tidelift.com/funding/github/npm/postcss"
				},
				{
					"type": "github",
					"url": "https://github.com/sponsors/ai"
				}
			],
			"license": "MIT",
			"dependencies": {
				"nanoid": "^3.3.18",
				"picocolors": "^1.1.1",
				"source-map-js": "^1.2.1"
			},
			"engines": {
				"node": "^10 || ^12 || >=14"
			}
		},
		"node_modules/rtlcss": {
			"version": "4.3.0",
			"resolved": "https://registry.npmjs.org/rtlcss/-/rtlcss-4.3.0.tgz",
			"integrity": "sha512-FI+pHEn7Wc4NqKXMXFM+VAYKEj/mRIcW4h24YVwVtyjI+EqGrLc2Hx/Ny0lrZ21cBWU2goLy36eqMcNj3AQJig==",
			"dev": true,
			"license": "MIT",
			"dependencies": {
				"escalade": "^3.1.1",
				"picocolors": "^1.0.0",
				"postcss": "^8.4.21",
				"strip-json-comments": "^3.1.1"
			},
			"bin": {
				"rtlcss": "bin/rtlcss.js"
			},
			"engines": {
				"node": ">=12.0.0"
			}
		},
		"node_modules/source-map-js": {
			"version": "1.2.1",
			"resolved": "https://registry.npmjs.org/source-map-js/-/source-map-js-1.2.1.tgz",
			"integrity": "sha512-UXWMKhLOwVKb728IUtQPXxfYU+usdybtUrK/8uGE8CQMvrhOpwvzDBwj0QhSL7MQc7vIsISBG8VQ8+IDQxpfQA==",
			"dev": true,
			"license": "BSD-3-Clause",
			"engines": {
				"node": ">=0.10.0"
			}
		},
		"node_modules/strip-json-comments": {
			"version": "3.1.1",
			"resolved": "https://registry.npmjs.org/strip-json-comments/-/strip-json-comments-3.1.1.tgz",
			"integrity": "sha512-6fPc+R4ihwqP6N/aIv2f1gMH8lOVtWQHoqC4yK6oSDVVocumAsfCqjkXnqiYMhmMwS/mEHLp7Vehlt3ql6lEig==",
			"dev": true,
			"license": "MIT",
			"engines": {
				"node": ">=8"
			},
			"funding": {
				"url": "https://github.com/sponsors/sindresorhus"
			}
		}
	}
}
